Microsoft Visual Studio Solution File, Format Version 12.00
# Visual Studio Version 17
VisualStudioVersion = 17.5.2.0
MinimumVisualStudioVersion = 10.0.40219.1
Project("{FAE04EC0-301F-11D3-BF4B-00C04F79EFBC}") = "JogoDaForca.ConsoleApp", "JogoDaForca.ConsoleApp\JogoDaForca.ConsoleApp.csproj", "{05F08A21-1A51-13B5-A58C-AC1FBF22BEBC}"
EndProject
Global
	GlobalSection(SolutionConfigurationPlatforms) = preSolution
		Debug|Any CPU = Debug|Any CPU
		Release|Any CPU = Release|Any CPU
	EndGlobalSection
	GlobalSection(ProjectConfigurationPlatforms) = postSolution
		{05F08A21-1A51-13B5-A58C-AC1FBF22BEBC}.Debug|Any CPU.ActiveCfg = Debug|Any CPU
		{05F08A21-1A51-13B5-A58C-AC1FBF22BEBC}.Debug|Any CPU.Build.0 = Debug|Any CPU
		{05F08A21-1A51-13B5-A58C-AC1FBF22BEBC}.Release|Any CPU.ActiveCfg = Release|Any CPU
		{05F08A21-1A51-13B5-A58C-AC1FBF22BEBC}.Release|Any CPU.Build.0 = Release|Any CPU
	EndGlobalSection
	GlobalSection(SolutionProperties) = preSolution
		HideSolutionNode = FALSE
	EndGlobalSection
	GlobalSection(ExtensibilityGlobals) = postSolution
		SolutionGuid = {B93DC468-18AA-4DF2-A797-CA2D5B150962}
	EndGlobalSection
EndGlobal
